
Microsoft Visual Studio Solution File, Format Version 12.00
# Visual Studio Version 17
VisualStudioVersion = 17.14.36327.8
MinimumVisualStudioVersion = 10.0.40219.1
Project("{FAE04EC0-301F-11D3-BF4B-00C04F79EFBC}") = "WonderK.WebPanel", "WonderK.WebPanel\WonderK.WebPanel.csproj", "{C623961A-BC3E-45B1-9033-4C9E7617F418}"
EndProject
Project("{FAE04EC0-301F-11D3-BF4B-00C04F79EFBC}") = "WonderK.Common", "WonderK.Common\WonderK.Common.csproj", "{99520E02-654C-4566-B851-33B4AB4F50FE}"
EndProject
Project("{2150E333-8FDC-42A3-9474-1A3956D46DE8}") = "Departments", "Departments", "{02EA681E-C7D8-13C7-8484-4AC65E1B71E8}"
EndProject
Project("{FAE04EC0-301F-11D3-BF4B-00C04F79EFBC}") = "WonderK.Department.Mail", "WonderK.Department.Mail\WonderK.Department.Mail.csproj", "{CBB9646B-2044-445D-8EE6-E4FE7D62B8D9}"
EndProject
Project("{FAE04EC0-301F-11D3-BF4B-00C04F79EFBC}") = "WonderK.Department.Regular", "WonderK.Department.Regular\WonderK.Department.Regular.csproj", "{C9549D8F-2D22-4E15-A45D-5A9895277A8A}"
EndProject
Project("{FAE04EC0-301F-11D3-BF4B-00C04F79EFBC}") = "WonderK.Department.Insurance", "WonderK.Department.Insurance\WonderK.Department.Insurance.csproj", "{95253840-D431-4943-A429-FAC1320EE5B3}"
EndProject
Project("{FAE04EC0-301F-11D3-BF4B-00C04F79EFBC}") = "WonderK.Department.Heavy", "WonderK.Department.Heavy\WonderK.Department.Heavy.csproj", "{6112C3A1-DDA9-484A-998B-BF66FF6CE04D}"
EndProject
Project("{E53339B2-1760-4266-BCC7-CA923CBCF16C}") = "docker-compose", "docker-compose.dcproj", "{81DDED9D-158B-E303-5F62-77A2896D2A5A}"
EndProject
Project("{FAE04EC0-301F-11D3-BF4B-00C04F79EFBC}") = "WonderK.RuleChecker", "WonderK.RuleChecker\WonderK.RuleChecker.csproj", "{2D79756A-7A81-4A51-A7E4-30D9CB2EBFA7}"
EndProject
Project("{FAE04EC0-301F-11D3-BF4B-00C04F79EFBC}") = "Wonderk.Tests", "Wonderk.Tests\Wonderk.Tests.csproj", "{F23E8356-9678-70C4-9B49-C9F0267C36C8}"
EndProject
Global
	GlobalSection(SolutionConfigurationPlatforms) = preSolution
		Debug|Any CPU = Debug|Any CPU
		Release|Any CPU = Release|Any CPU
	EndGlobalSection
	GlobalSection(ProjectConfigurationPlatforms) = postSolution
		{C623961A-BC3E-45B1-9033-4C9E7617F418}.Debug|Any CPU.ActiveCfg = Debug|Any CPU
		{C623961A-BC3E-45B1-9033-4C9E7617F418}.Debug|Any CPU.Build.0 = Debug|Any CPU
		{C623961A-BC3E-45B1-9033-4C9E7617F418}.Release|Any CPU.ActiveCfg = Release|Any CPU
		{C623961A-BC3E-45B1-9033-4C9E7617F418}.Release|Any CPU.Build.0 = Release|Any CPU
		{99520E02-654C-4566-B851-33B4AB4F50FE}.Debug|Any CPU.ActiveCfg = Debug|Any CPU
		{99520E02-654C-4566-B851-33B4AB4F50FE}.Debug|Any CPU.Build.0 = Debug|Any CPU
		{99520E02-654C-4566-B851-33B4AB4F50FE}.Release|Any CPU.ActiveCfg = Release|Any CPU
		{99520E02-654C-4566-B851-33B4AB4F50FE}.Release|Any CPU.Build.0 = Release|Any CPU
		{CBB9646B-2044-445D-8EE6-E4FE7D62B8D9}.Debug|Any CPU.ActiveCfg = Debug|Any CPU
		{CBB9646B-2044-445D-8EE6-E4FE7D62B8D9}.Debug|Any CPU.Build.0 = Debug|Any CPU
		{CBB9646B-2044-445D-8EE6-E4FE7D62B8D9}.Release|Any CPU.ActiveCfg = Release|Any CPU
		{CBB9646B-2044-445D-8EE6-E4FE7D62B8D9}.Release|Any CPU.Build.0 = Release|Any CPU
		{C9549D8F-2D22-4E15-A45D-5A9895277A8A}.Debug|Any CPU.ActiveCfg = Debug|Any CPU
		{C9549D8F-2D22-4E15-A45D-5A9895277A8A}.Debug|Any CPU.Build.0 = Debug|Any CPU
		{C9549D8F-2D22-4E15-A45D-5A9895277A8A}.Release|Any CPU.ActiveCfg = Release|Any CPU
		{C9549D8F-2D22-4E15-A45D-5A9895277A8A}.Release|Any CPU.Build.0 = Release|Any CPU
		{95253840-D431-4943-A429-FAC1320EE5B3}.Debug|Any CPU.ActiveCfg = Debug|Any CPU
		{95253840-D431-4943-A429-FAC1320EE5B3}.Debug|Any CPU.Build.0 = Debug|Any CPU
		{95253840-D431-4943-A429-FAC1320EE5B3}.Release|Any CPU.ActiveCfg = Release|Any CPU
		{95253840-D431-4943-A429-FAC1320EE5B3}.Release|Any CPU.Build.0 = Release|Any CPU
		{6112C3A1-DDA9-484A-998B-BF66FF6CE04D}.Debug|Any CPU.ActiveCfg = Debug|Any CPU
		{6112C3A1-DDA9-484A-998B-BF66FF6CE04D}.Debug|Any CPU.Build.0 = Debug|Any CPU
		{6112C3A1-DDA9-484A-998B-BF66FF6CE04D}.Release|Any CPU.ActiveCfg = Release|Any CPU
		{6112C3A1-DDA9-484A-998B-BF66FF6CE04D}.Release|Any CPU.Build.0 = Release|Any CPU
		{81DDED9D-158B-E303-5F62-77A2896D2A5A}.Debug|Any CPU.ActiveCfg = Debug|Any CPU
		{81DDED9D-158B-E303-5F62-77A2896D2A5A}.Debug|Any CPU.Build.0 = Debug|Any CPU
		{81DDED9D-158B-E303-5F62-77A2896D2A5A}.Release|Any CPU.ActiveCfg = Release|Any CPU
		{81DDED9D-158B-E303-5F62-77A2896D2A5A}.Release|Any CPU.Build.0 = Release|Any CPU
		{2D79756A-7A81-4A51-A7E4-30D9CB2EBFA7}.Debug|Any CPU.ActiveCfg = Debug|Any CPU
		{2D79756A-7A81-4A51-A7E4-30D9CB2EBFA7}.Debug|Any CPU.Build.0 = Debug|Any CPU
		{2D79756A-7A81-4A51-A7E4-30D9CB2EBFA7}.Release|Any CPU.ActiveCfg = Release|Any CPU
		{2D79756A-7A81-4A51-A7E4-30D9CB2EBFA7}.Release|Any CPU.Build.0 = Release|Any CPU
		{F23E8356-9678-70C4-9B49-C9F0267C36C8}.Debug|Any CPU.ActiveCfg = Debug|Any CPU
		{F23E8356-9678-70C4-9B49-C9F0267C36C8}.Debug|Any CPU.Build.0 = Debug|Any CPU
		{F23E8356-9678-70C4-9B49-C9F0267C36C8}.Release|Any CPU.ActiveCfg = Release|Any CPU
		{F23E8356-9678-70C4-9B49-C9F0267C36C8}.Release|Any CPU.Build.0 = Release|Any CPU
	EndGlobalSection
	GlobalSection(SolutionProperties) = preSolution
		HideSolutionNode = FALSE
	EndGlobalSection
	GlobalSection(NestedProjects) = preSolution
		{CBB9646B-2044-445D-8EE6-E4FE7D62B8D9} = {02EA681E-C7D8-13C7-8484-4AC65E1B71E8}
		{C9549D8F-2D22-4E15-A45D-5A9895277A8A} = {02EA681E-C7D8-13C7-8484-4AC65E1B71E8}
		{95253840-D431-4943-A429-FAC1320EE5B3} = {02EA681E-C7D8-13C7-8484-4AC65E1B71E8}
		{6112C3A1-DDA9-484A-998B-BF66FF6CE04D} = {02EA681E-C7D8-13C7-8484-4AC65E1B71E8}
	EndGlobalSection
	GlobalSection(ExtensibilityGlobals) = postSolution
		SolutionGuid = {CED62528-16B6-41DE-9C1D-B67FB57CAC14}
	EndGlobalSection
EndGlobal
